
Microsoft Visual Studio Solution File, Format Version 12.00
# Visual Studio Version 17
VisualStudioVersion = 17.5.33424.131
MinimumVisualStudioVersion = 10.0.40219.1
Project("{9A19103F-16F7-4668-BE54-9A1E7A4F7556}") = "DTO", "DTO\DTO.csproj", "{F6484A21-D79A-416B-B879-BBA7522275DD}"
EndProject
Project("{9A19103F-16F7-4668-BE54-9A1E7A4F7556}") = "BLL", "BLL\BLL.csproj", "{7F7523FA-2DD4-4E29-8D47-FC6B83538795}"
EndProject
Project("{9A19103F-16F7-4668-BE54-9A1E7A4F7556}") = "DAL", "DAL\DAL.csproj", "{5272314F-B355-423E-ABA3-55FEE5C497DD}"
EndProject
Project("{9A19103F-16F7-4668-BE54-9A1E7A4F7556}") = "WPFGUI", "WPFGUI\WPFGUI.csproj", "{21D43531-3AB4-4560-AA75-38B963F9EDDB}"
EndProject
Project("{9A19103F-16F7-4668-BE54-9A1E7A4F7556}") = "WEBGUI", "WEBGUI\WEBGUI.csproj", "{CBBB47D4-AE51-442A-B8E0-A37D7A09F8B4}"
EndProject
Global
	GlobalSection(SolutionConfigurationPlatforms) = preSolution
		Debug|Any CPU = Debug|Any CPU
		Release|Any CPU = Release|Any CPU
	EndGlobalSection
	GlobalSection(ProjectConfigurationPlatforms) = postSolution
		{F6484A21-D79A-416B-B879-BBA7522275DD}.Debug|Any CPU.ActiveCfg = Debug|Any CPU
		{F6484A21-D79A-416B-B879-BBA7522275DD}.Debug|Any CPU.Build.0 = Debug|Any CPU
		{F6484A21-D79A-416B-B879-BBA7522275DD}.Release|Any CPU.ActiveCfg = Release|Any CPU
		{F6484A21-D79A-416B-B879-BBA7522275DD}.Release|Any CPU.Build.0 = Release|Any CPU
		{7F7523FA-2DD4-4E29-8D47-FC6B83538795}.Debug|Any CPU.ActiveCfg = Debug|Any CPU
		{7F7523FA-2DD4-4E29-8D47-FC6B83538795}.Debug|Any CPU.Build.0 = Debug|Any CPU
		{7F7523FA-2DD4-4E29-8D47-FC6B83538795}.Release|Any CPU.ActiveCfg = Release|Any CPU
		{7F7523FA-2DD4-4E29-8D47-FC6B83538795}.Release|Any CPU.Build.0 = Release|Any CPU
		{5272314F-B355-423E-ABA3-55FEE5C497DD}.Debug|Any CPU.ActiveCfg = Debug|Any CPU
		{5272314F-B355-423E-ABA3-55FEE5C497DD}.Debug|Any CPU.Build.0 = Debug|Any CPU
		{5272314F-B355-423E-ABA3-55FEE5C497DD}.Release|Any CPU.ActiveCfg = Release|Any CPU
		{5272314F-B355-423E-ABA3-55FEE5C497DD}.Release|Any CPU.Build.0 = Release|Any CPU
		{21D43531-3AB4-4560-AA75-38B963F9EDDB}.Debug|Any CPU.ActiveCfg = Debug|Any CPU
		{21D43531-3AB4-4560-AA75-38B963F9EDDB}.Debug|Any CPU.Build.0 = Debug|Any CPU
		{21D43531-3AB4-4560-AA75-38B963F9EDDB}.Release|Any CPU.ActiveCfg = Release|Any CPU
		{21D43531-3AB4-4560-AA75-38B963F9EDDB}.Release|Any CPU.Build.0 = Release|Any CPU
		{CBBB47D4-AE51-442A-B8E0-A37D7A09F8B4}.Debug|Any CPU.ActiveCfg = Debug|Any CPU
		{CBBB47D4-AE51-442A-B8E0-A37D7A09F8B4}.Debug|Any CPU.Build.0 = Debug|Any CPU
		{CBBB47D4-AE51-442A-B8E0-A37D7A09F8B4}.Release|Any CPU.ActiveCfg = Release|Any CPU
		{CBBB47D4-AE51-442A-B8E0-A37D7A09F8B4}.Release|Any CPU.Build.0 = Release|Any CPU
	EndGlobalSection
	GlobalSection(SolutionProperties) = preSolution
		HideSolutionNode = FALSE
	EndGlobalSection
	GlobalSection(ExtensibilityGlobals) = postSolution
		SolutionGuid = {CB0FD880-A1C2-43D2-A428-639F021DEB7F}
	EndGlobalSection
EndGlobal
